{
  "name": "e2e",
  "version": "1.0.0",
  "lockfileVersion": 3,
  "requires": true,
  "packages": {
    "": {
      "name": "e2e",
      "version": "1.0.0",
      "license": "ISC",
      "dependencies": {
        "create-cds": "file:../dist/packages/create-cds",
        "nx-cap": "file:../dist/packages/nx-cap"
      }
    },
    "../dist/packages/create-cds": {
      "version": "0.0.7-0",
      "dependencies": {
        "create-nx-workspace": "19.8.2",
        "tslib": "^2.3.0"
      },
      "bin": {
        "create-cds": "bin/create-cds"
      }
    },
    "../dist/packages/nx-cap": {
      "version": "0.0.7-0",
      "dependencies": {
        "@nx/devkit": "19.8.2",
        "nx": "19.8.2",
        "tslib": "^2.3.0"
      }
    },
    "node_modules/create-cds": {
      "resolved": "../dist/packages/create-cds",
      "link": true
    },
    "node_modules/nx-cap": {
      "resolved": "../dist/packages/nx-cap",
      "link": true
    }
  }
}
